
Microsoft Visual Studio Solution File, Format Version 12.00
# Visual Studio Version 18
VisualStudioVersion = 18.1.11312.151
MinimumVisualStudioVersion = 10.0.40219.1
Project("{8BC9CEB8-8B4A-11D0-8D11-00A0C91BC942}") = "codec", "codec.vcxproj", "{437B3620-C2ED-48F0-909E-C99283BB9D12}"
	ProjectSection(ProjectDependencies) = postProject
		{4DC5A97B-66AD-4290-BD45-50729B0ACA6F} = {4DC5A97B-66AD-4290-BD45-50729B0ACA6F}
	EndProjectSection
EndProject
Project("{8BC9CEB8-8B4A-11D0-8D11-00A0C91BC942}") = "player", "player.vcxproj", "{7A94B91A-9B31-437B-9134-AA7306BAA494}"
	ProjectSection(ProjectDependencies) = postProject
		{4DC5A97B-66AD-4290-BD45-50729B0ACA6F} = {4DC5A97B-66AD-4290-BD45-50729B0ACA6F}
	EndProjectSection
EndProject
Project("{8BC9CEB8-8B4A-11D0-8D11-00A0C91BC942}") = "ddec2lib", "ddec2lib.vcxproj", "{4DC5A97B-66AD-4290-BD45-50729B0ACA6F}"
EndProject
Project("{8BC9CEB8-8B4A-11D0-8D11-00A0C91BC942}") = "de", "de.vcxproj", "{91CD13EA-C167-44CB-9FB8-4E48DB82AC21}"
EndProject
Project("{8BC9CEB8-8B4A-11D0-8D11-00A0C91BC942}") = "oper", "oper.vcxproj", "{6EA90A38-79F5-42B1-95E4-EAA024827A34}"
EndProject
Project("{8BC9CEB8-8B4A-11D0-8D11-00A0C91BC942}") = "cat", "..\cat\cat.vcxproj", "{1F215956-E4CA-4C17-A328-2016B161D7BF}"
EndProject
Project("{8BC9CEB8-8B4A-11D0-8D11-00A0C91BC942}") = "outfile", "..\outfile\outfile.vcxproj", "{432B5A2B-379A-4B5A-A0DF-A4D03B8FD54E}"
EndProject
Project("{8BC9CEB8-8B4A-11D0-8D11-00A0C91BC942}") = "PipeSeq", "..\PipeSeq\PipeSeq.vcxproj", "{2ADD1FF3-1D6A-4FA6-BA25-B343C71439D5}"
EndProject
Global
	GlobalSection(SolutionConfigurationPlatforms) = preSolution
		Debug|Any CPU = Debug|Any CPU
		Debug|x64 = Debug|x64
		Debug|x86 = Debug|x86
		Release|Any CPU = Release|Any CPU
		Release|x64 = Release|x64
		Release|x86 = Release|x86
	EndGlobalSection
	GlobalSection(ProjectConfigurationPlatforms) = postSolution
		{437B3620-C2ED-48F0-909E-C99283BB9D12}.Debug|Any CPU.ActiveCfg = Debug|x64
		{437B3620-C2ED-48F0-909E-C99283BB9D12}.Debug|Any CPU.Build.0 = Debug|x64
		{437B3620-C2ED-48F0-909E-C99283BB9D12}.Debug|x64.ActiveCfg = Debug|x64
		{437B3620-C2ED-48F0-909E-C99283BB9D12}.Debug|x64.Build.0 = Debug|x64
		{437B3620-C2ED-48F0-909E-C99283BB9D12}.Debug|x86.ActiveCfg = Debug|x64
		{437B3620-C2ED-48F0-909E-C99283BB9D12}.Release|Any CPU.ActiveCfg = Release|x64
		{437B3620-C2ED-48F0-909E-C99283BB9D12}.Release|Any CPU.Build.0 = Release|x64
		{437B3620-C2ED-48F0-909E-C99283BB9D12}.Release|x64.ActiveCfg = Release|x64
		{437B3620-C2ED-48F0-909E-C99283BB9D12}.Release|x64.Build.0 = Release|x64
		{437B3620-C2ED-48F0-909E-C99283BB9D12}.Release|x86.ActiveCfg = Release|x64
		{7A94B91A-9B31-437B-9134-AA7306BAA494}.Debug|Any CPU.ActiveCfg = Debug|x64
		{7A94B91A-9B31-437B-9134-AA7306BAA494}.Debug|Any CPU.Build.0 = Debug|x64
		{7A94B91A-9B31-437B-9134-AA7306BAA494}.Debug|x64.ActiveCfg = Debug|x64
		{7A94B91A-9B31-437B-9134-AA7306BAA494}.Debug|x64.Build.0 = Debug|x64
		{7A94B91A-9B31-437B-9134-AA7306BAA494}.Debug|x86.ActiveCfg = Debug|x64
		{7A94B91A-9B31-437B-9134-AA7306BAA494}.Release|Any CPU.ActiveCfg = Release|x64
		{7A94B91A-9B31-437B-9134-AA7306BAA494}.Release|Any CPU.Build.0 = Release|x64
		{7A94B91A-9B31-437B-9134-AA7306BAA494}.Release|x64.ActiveCfg = Release|x64
		{7A94B91A-9B31-437B-9134-AA7306BAA494}.Release|x64.Build.0 = Release|x64
		{7A94B91A-9B31-437B-9134-AA7306BAA494}.Release|x86.ActiveCfg = Release|x64
		{4DC5A97B-66AD-4290-BD45-50729B0ACA6F}.Debug|Any CPU.ActiveCfg = Debug|x64
		{4DC5A97B-66AD-4290-BD45-50729B0ACA6F}.Debug|Any CPU.Build.0 = Debug|x64
		{4DC5A97B-66AD-4290-BD45-50729B0ACA6F}.Debug|x64.ActiveCfg = Debug|x64
		{4DC5A97B-66AD-4290-BD45-50729B0ACA6F}.Debug|x64.Build.0 = Debug|x64
		{4DC5A97B-66AD-4290-BD45-50729B0ACA6F}.Debug|x86.ActiveCfg = Debug|x64
		{4DC5A97B-66AD-4290-BD45-50729B0ACA6F}.Release|Any CPU.ActiveCfg = Release|x64
		{4DC5A97B-66AD-4290-BD45-50729B0ACA6F}.Release|Any CPU.Build.0 = Release|x64
		{4DC5A97B-66AD-4290-BD45-50729B0ACA6F}.Release|x64.ActiveCfg = Release|x64
		{4DC5A97B-66AD-4290-BD45-50729B0ACA6F}.Release|x64.Build.0 = Release|x64
		{4DC5A97B-66AD-4290-BD45-50729B0ACA6F}.Release|x86.ActiveCfg = Release|x64
		{91CD13EA-C167-44CB-9FB8-4E48DB82AC21}.Debug|Any CPU.ActiveCfg = Debug|x64
		{91CD13EA-C167-44CB-9FB8-4E48DB82AC21}.Debug|Any CPU.Build.0 = Debug|x64
		{91CD13EA-C167-44CB-9FB8-4E48DB82AC21}.Debug|x64.ActiveCfg = Debug|x64
		{91CD13EA-C167-44CB-9FB8-4E48DB82AC21}.Debug|x64.Build.0 = Debug|x64
		{91CD13EA-C167-44CB-9FB8-4E48DB82AC21}.Debug|x86.ActiveCfg = Debug|x64
		{91CD13EA-C167-44CB-9FB8-4E48DB82AC21}.Release|Any CPU.ActiveCfg = Release|x64
		{91CD13EA-C167-44CB-9FB8-4E48DB82AC21}.Release|Any CPU.Build.0 = Release|x64
		{91CD13EA-C167-44CB-9FB8-4E48DB82AC21}.Release|x64.ActiveCfg = Release|x64
		{91CD13EA-C167-44CB-9FB8-4E48DB82AC21}.Release|x64.Build.0 = Release|x64
		{91CD13EA-C167-44CB-9FB8-4E48DB82AC21}.Release|x86.ActiveCfg = Release|x64
		{6EA90A38-79F5-42B1-95E4-EAA024827A34}.Debug|Any CPU.ActiveCfg = Debug|x64
		{6EA90A38-79F5-42B1-95E4-EAA024827A34}.Debug|Any CPU.Build.0 = Debug|x64
		{6EA90A38-79F5-42B1-95E4-EAA024827A34}.Debug|x64.ActiveCfg = Debug|x64
		{6EA90A38-79F5-42B1-95E4-EAA024827A34}.Debug|x64.Build.0 = Debug|x64
		{6EA90A38-79F5-42B1-95E4-EAA024827A34}.Debug|x86.ActiveCfg = Debug|x64
		{6EA90A38-79F5-42B1-95E4-EAA024827A34}.Release|Any CPU.ActiveCfg = Release|x64
		{6EA90A38-79F5-42B1-95E4-EAA024827A34}.Release|Any CPU.Build.0 = Release|x64
		{6EA90A38-79F5-42B1-95E4-EAA024827A34}.Release|x64.ActiveCfg = Release|x64
		{6EA90A38-79F5-42B1-95E4-EAA024827A34}.Release|x64.Build.0 = Release|x64
		{6EA90A38-79F5-42B1-95E4-EAA024827A34}.Release|x86.ActiveCfg = Release|x64
		{1F215956-E4CA-4C17-A328-2016B161D7BF}.Debug|Any CPU.ActiveCfg = Debug|x64
		{1F215956-E4CA-4C17-A328-2016B161D7BF}.Debug|Any CPU.Build.0 = Debug|x64
		{1F215956-E4CA-4C17-A328-2016B161D7BF}.Debug|x64.ActiveCfg = Debug|x64
		{1F215956-E4CA-4C17-A328-2016B161D7BF}.Debug|x64.Build.0 = Debug|x64
		{1F215956-E4CA-4C17-A328-2016B161D7BF}.Debug|x86.ActiveCfg = Debug|Win32
		{1F215956-E4CA-4C17-A328-2016B161D7BF}.Debug|x86.Build.0 = Debug|Win32
		{1F215956-E4CA-4C17-A328-2016B161D7BF}.Release|Any CPU.ActiveCfg = Release|x64
		{1F215956-E4CA-4C17-A328-2016B161D7BF}.Release|Any CPU.Build.0 = Release|x64
		{1F215956-E4CA-4C17-A328-2016B161D7BF}.Release|x64.ActiveCfg = Release|x64
		{1F215956-E4CA-4C17-A328-2016B161D7BF}.Release|x64.Build.0 = Release|x64
		{1F215956-E4CA-4C17-A328-2016B161D7BF}.Release|x86.ActiveCfg = Release|Win32
		{1F215956-E4CA-4C17-A328-2016B161D7BF}.Release|x86.Build.0 = Release|Win32
		{432B5A2B-379A-4B5A-A0DF-A4D03B8FD54E}.Debug|Any CPU.ActiveCfg = Debug|x64
		{432B5A2B-379A-4B5A-A0DF-A4D03B8FD54E}.Debug|Any CPU.Build.0 = Debug|x64
		{432B5A2B-379A-4B5A-A0DF-A4D03B8FD54E}.Debug|x64.ActiveCfg = Debug|x64
		{432B5A2B-379A-4B5A-A0DF-A4D03B8FD54E}.Debug|x64.Build.0 = Debug|x64
		{432B5A2B-379A-4B5A-A0DF-A4D03B8FD54E}.Debug|x86.ActiveCfg = Debug|Win32
		{432B5A2B-379A-4B5A-A0DF-A4D03B8FD54E}.Debug|x86.Build.0 = Debug|Win32
		{432B5A2B-379A-4B5A-A0DF-A4D03B8FD54E}.Release|Any CPU.ActiveCfg = Release|x64
		{432B5A2B-379A-4B5A-A0DF-A4D03B8FD54E}.Release|Any CPU.Build.0 = Release|x64
		{432B5A2B-379A-4B5A-A0DF-A4D03B8FD54E}.Release|x64.ActiveCfg = Release|x64
		{432B5A2B-379A-4B5A-A0DF-A4D03B8FD54E}.Release|x64.Build.0 = Release|x64
		{432B5A2B-379A-4B5A-A0DF-A4D03B8FD54E}.Release|x86.ActiveCfg = Release|Win32
		{432B5A2B-379A-4B5A-A0DF-A4D03B8FD54E}.Release|x86.Build.0 = Release|Win32
		{2ADD1FF3-1D6A-4FA6-BA25-B343C71439D5}.Debug|Any CPU.ActiveCfg = Debug|x64
		{2ADD1FF3-1D6A-4FA6-BA25-B343C71439D5}.Debug|Any CPU.Build.0 = Debug|x64
		{2ADD1FF3-1D6A-4FA6-BA25-B343C71439D5}.Debug|x64.ActiveCfg = Debug|x64
		{2ADD1FF3-1D6A-4FA6-BA25-B343C71439D5}.Debug|x64.Build.0 = Debug|x64
		{2ADD1FF3-1D6A-4FA6-BA25-B343C71439D5}.Debug|x86.ActiveCfg = Debug|Win32
		{2ADD1FF3-1D6A-4FA6-BA25-B343C71439D5}.Debug|x86.Build.0 = Debug|Win32
		{2ADD1FF3-1D6A-4FA6-BA25-B343C71439D5}.Release|Any CPU.ActiveCfg = Release|x64
		{2ADD1FF3-1D6A-4FA6-BA25-B343C71439D5}.Release|Any CPU.Build.0 = Release|x64
		{2ADD1FF3-1D6A-4FA6-BA25-B343C71439D5}.Release|x64.ActiveCfg = Release|x64
		{2ADD1FF3-1D6A-4FA6-BA25-B343C71439D5}.Release|x64.Build.0 = Release|x64
		{2ADD1FF3-1D6A-4FA6-BA25-B343C71439D5}.Release|x86.ActiveCfg = Release|Win32
		{2ADD1FF3-1D6A-4FA6-BA25-B343C71439D5}.Release|x86.Build.0 = Release|Win32
	EndGlobalSection
	GlobalSection(SolutionProperties) = preSolution
		HideSolutionNode = FALSE
	EndGlobalSection
	GlobalSection(ExtensibilityGlobals) = postSolution
		SolutionGuid = {6309E5C4-B653-453C-A62B-2AEF257A68B7}
	EndGlobalSection
EndGlobal
