<?xml version="1.0" encoding="utf-8"?>
<Project ToolsVersion="4.0" xmlns="http://schemas.microsoft.com/developer/msbuild/2003">
  <ItemGroup>
    <Filter Include="Source Files">
      <UniqueIdentifier>{4FC737F1-C7A5-4376-A066-2A32D752A2FF}</UniqueIdentifier>
      <Extensions>cpp;c;cc;cxx;c++;cppm;ixx;def;odl;idl;hpj;bat;asm;asmx</Extensions>
    </Filter>
    <Filter Include="Header Files">
      <UniqueIdentifier>{93995380-89BD-4b04-88EB-625FBE52EBFB}</UniqueIdentifier>
      <Extensions>h;hh;hpp;hxx;h++;hm;inl;inc;ipp;xsd</Extensions>
    </Filter>
    <Filter Include="Library Files">
      <UniqueIdentifier>{77fcee13-39b5-4f47-8667-376e22409054}</UniqueIdentifier>
    </Filter>
  </ItemGroup>
  <ItemGroup>
    <ClCompile Include="src\player.cpp">
      <Filter>Source Files</Filter>
    </ClCompile>
  </ItemGroup>
  <ItemGroup>
    <ClInclude Include="src\lzv.hpp">
      <Filter>Header Files</Filter>
    </ClInclude>
    <ClInclude Include="src\nibblemap.hpp">
      <Filter>Header Files</Filter>
    </ClInclude>
    <ClInclude Include="src\perftimer.hpp">
      <Filter>Header Files</Filter>
    </ClInclude>
    <ClInclude Include="src\bitmap.hpp">
      <Filter>Header Files</Filter>
    </ClInclude>
    <ClInclude Include="src\bitstream.hpp">
      <Filter>Header Files</Filter>
    </ClInclude>
    <ClInclude Include="src\core.hpp">
      <Filter>Header Files</Filter>
    </ClInclude>
    <ClInclude Include="src\Crypt.hpp">
      <Filter>Header Files</Filter>
    </ClInclude>
    <ClInclude Include="src\frame.hpp">
      <Filter>Header Files</Filter>
    </ClInclude>
  </ItemGroup>
  <ItemGroup>
    <Library Include="..\..\Lib\SFML-2.5.1\lib\sfml-main.lib">
      <Filter>Library Files</Filter>
    </Library>
    <Library Include="..\..\Lib\SFML-2.5.1\lib\sfml-system.lib">
      <Filter>Library Files</Filter>
    </Library>
    <Library Include="..\..\Lib\SFML-2.5.1\lib\sfml-window.lib">
      <Filter>Library Files</Filter>
    </Library>
    <Library Include="..\..\Lib\SFML-2.5.1\lib\sfml-graphics.lib">
      <Filter>Library Files</Filter>
    </Library>
    <Library Include="bin\x64\Release\ddec2lib.lib">
      <Filter>Library Files</Filter>
    </Library>
  </ItemGroup>
</Project>